
Microsoft Visual Studio Solution File, Format Version 12.00
# Visual Studio Version 16
VisualStudioVersion = 16.0.29509.3
MinimumVisualStudioVersion = 10.0.40219.1
Project("{FAE04EC0-301F-11D3-BF4B-00C04F79EFBC}") = "AgarTvar.io", "AgarTvar.io.csproj", "{9623B927-BC90-412F-8D63-46518EE2A554}"
EndProject
Global
	GlobalSection(SolutionConfigurationPlatforms) = preSolution
		Debug|Any CPU = Debug|Any CPU
		Release|Any CPU = Release|Any CPU
	EndGlobalSection
	GlobalSection(ProjectConfigurationPlatforms) = postSolution
		{9623B927-BC90-412F-8D63-46518EE2A554}.Debug|Any CPU.ActiveCfg = Debug|Any CPU
		{9623B927-BC90-412F-8D63-46518EE2A554}.Debug|Any CPU.Build.0 = Debug|Any CPU
		{9623B927-BC90-412F-8D63-46518EE2A554}.Release|Any CPU.ActiveCfg = Release|Any CPU
		{9623B927-BC90-412F-8D63-46518EE2A554}.Release|Any CPU.Build.0 = Release|Any CPU
	EndGlobalSection
	GlobalSection(SolutionProperties) = preSolution
		HideSolutionNode = FALSE
	EndGlobalSection
	GlobalSection(ExtensibilityGlobals) = postSolution
		SolutionGuid = {29C6F9B6-394C-47B2-875F-7AE6BCE4F4CC}
	EndGlobalSection
EndGlobal
